// !$*UTF8*$!
{
	archiveVersion = 1;
	classes = {
	};
	objectVersion = 77;
	objects = {

/* Begin PBXBuildFile section */
		DE49773B2D21227800FEC950 /* AuthenticateContract.swift in Sources */ = {isa = PBXBuildFile; fileRef = DE49773A2D21227800FEC950 /* AuthenticateContract.swift */; };
		DE49773D2D2124FA00FEC950 /* AuthenticateView.swift in Sources */ = {isa = PBXBuildFile; fileRef = DE49773C2D2124FA00FEC950 /* AuthenticateView.swift */; };
		DE4977412D21323A00FEC950 /* AppRouter.swift in Sources */ = {isa = PBXBuildFile; fileRef = DE4977402D21323A00FEC950 /* AppRouter.swift */; };
		DEF3BB962CC879D9007B2D9A /* Preview Assets.xcassets in Resources */ = {isa = PBXBuildFile; fileRef = DEF3BB902CC879D9007B2D9A /* Preview Assets.xcassets */; };
		DEF3BB972CC879D9007B2D9A /* Assets.xcassets in Resources */ = {isa = PBXBuildFile; fileRef = DEF3BB932CC879D9007B2D9A /* Assets.xcassets */; };
		DEF3BB982CC879D9007B2D9A /* ContentView.swift in Sources */ = {isa = PBXBuildFile; fileRef = DEF3BB8D2CC879D9007B2D9A /* ContentView.swift */; };
		DEF3BB992CC879D9007B2D9A /* AppDelegate.swift in Sources */ = {isa = PBXBuildFile; fileRef = DEF3BB922CC879D9007B2D9A /* AppDelegate.swift */; };
		DEF3BB9A2CC879D9007B2D9A /* ObservationViperExampleApp.swift in Sources */ = {isa = PBXBuildFile; fileRef = DEF3BB942CC879D9007B2D9A /* ObservationViperExampleApp.swift */; };
		DEF3BB9C2CC87A22007B2D9A /* UIColorExtension.swift in Sources */ = {isa = PBXBuildFile; fileRef = DEF3BB9B2CC87A17007B2D9A /* UIColorExtension.swift */; };
		DEF3BBA02CCA968A007B2D9A /* FirstAppearExtension.swift in Sources */ = {isa = PBXBuildFile; fileRef = DEF3BB9F2CCA9687007B2D9A /* FirstAppearExtension.swift */; };
		DEF3BBA22CCBA2E4007B2D9A /* SwiftUIColorExtension.swift in Sources */ = {isa = PBXBuildFile; fileRef = DEF3BBA12CCBA2E3007B2D9A /* SwiftUIColorExtension.swift */; };
		DEF3BBA42CCBA9D4007B2D9A /* StringExtension.swift in Sources */ = {isa = PBXBuildFile; fileRef = DEF3BBA32CCBA9D4007B2D9A /* StringExtension.swift */; };
		DEF3BBA82CCCE7F8007B2D9A /* UIViewControllerExtension.swift in Sources */ = {isa = PBXBuildFile; fileRef = DEF3BBA72CCCE7F8007B2D9A /* UIViewControllerExtension.swift */; };
		DEF3BBAC2CCE5CF3007B2D9A /* ObservationViperExampleTests.swift in Sources */ = {isa = PBXBuildFile; fileRef = DEF3BBAA2CCE5CF3007B2D9A /* ObservationViperExampleTests.swift */; };
		DEF3BBB02CCE5CF9007B2D9A /* ObservationViperExampleUITests.swift in Sources */ = {isa = PBXBuildFile; fileRef = DEF3BBAD2CCE5CF9007B2D9A /* ObservationViperExampleUITests.swift */; };
		DEF3BBB12CCE5CF9007B2D9A /* ObservationViperExampleUITestsLaunchTests.swift in Sources */ = {isa = PBXBuildFile; fileRef = DEF3BBAE2CCE5CF9007B2D9A /* ObservationViperExampleUITestsLaunchTests.swift */; };
		DEF3BBB32CCFB074007B2D9A /* ConnectionErrorView.swift in Sources */ = {isa = PBXBuildFile; fileRef = DEF3BBB22CCFB074007B2D9A /* ConnectionErrorView.swift */; };
		DEF3BBB72CCFB0FE007B2D9A /* APIClientManager.swift in Sources */ = {isa = PBXBuildFile; fileRef = DEF3BBB62CCFB0FE007B2D9A /* APIClientManager.swift */; };
		DEF3BBCB2CD685D1007B2D9A /* GalleryView.swift in Sources */ = {isa = PBXBuildFile; fileRef = DEF3BBCA2CD685D1007B2D9A /* GalleryView.swift */; };
		DEF3BBD62CD8FCD8007B2D9A /* StarRatingView.swift in Sources */ = {isa = PBXBuildFile; fileRef = DEF3BBD52CD8FCD8007B2D9A /* StarRatingView.swift */; };
		DEF3BBD82CD8FCFA007B2D9A /* RatingViewRepresentable.swift in Sources */ = {isa = PBXBuildFile; fileRef = DEF3BBD72CD8FCFA007B2D9A /* RatingViewRepresentable.swift */; };
		DEF3BBDC2CD940DB007B2D9A /* Cosmos in Frameworks */ = {isa = PBXBuildFile; productRef = DEF3BBDB2CD940DB007B2D9A /* Cosmos */; };
		DEF3BBE02CD9414D007B2D9A /* Nuke in Frameworks */ = {isa = PBXBuildFile; productRef = DEF3BBDF2CD9414D007B2D9A /* Nuke */; };
		DEF3BBE22CD94155007B2D9A /* MarkdownUI in Frameworks */ = {isa = PBXBuildFile; productRef = DEF3BBE12CD94155007B2D9A /* MarkdownUI */; };
		DEF3BBE42CDBB084007B2D9A /* AsyncAlgorithms in Frameworks */ = {isa = PBXBuildFile; productRef = DEF3BBE32CDBB084007B2D9A /* AsyncAlgorithms */; };
		DEF3BBE62CDBB096007B2D9A /* Testing in Frameworks */ = {isa = PBXBuildFile; productRef = DEF3BBE52CDBB096007B2D9A /* Testing */; };
		DEF3BBF12CE22487007B2D9A /* GalleryUserCommentEntity.swift in Sources */ = {isa = PBXBuildFile; fileRef = DEF3BBF02CE2247E007B2D9A /* GalleryUserCommentEntity.swift */; };
		DEF3BBF32CE224A2007B2D9A /* GalleryFeaturedPhotoEntity.swift in Sources */ = {isa = PBXBuildFile; fileRef = DEF3BBF22CE2249A007B2D9A /* GalleryFeaturedPhotoEntity.swift */; };
		DEF3BBF52CE224BF007B2D9A /* GalleryPhotoEntity.swift in Sources */ = {isa = PBXBuildFile; fileRef = DEF3BBF42CE224B1007B2D9A /* GalleryPhotoEntity.swift */; };
		DEF6E1DC2CF0CD2C007FBD4A /* ApplicationUserEntity.swift in Sources */ = {isa = PBXBuildFile; fileRef = DEF6E1DB2CF0CD21007FBD4A /* ApplicationUserEntity.swift */; };
/* End PBXBuildFile section */

/* Begin PBXContainerItemProxy section */
		DEF3BB592CC3876C007B2D9A /* PBXContainerItemProxy */ = {
			isa = PBXContainerItemProxy;
			containerPortal = DEF3BB402CC3876A007B2D9A /* Project object */;
			proxyType = 1;
			remoteGlobalIDString = DEF3BB472CC3876A007B2D9A;
			remoteInfo = ObservationViperExample;
		};
		DEF3BB632CC3876C007B2D9A /* PBXContainerItemProxy */ = {
			isa = PBXContainerItemProxy;
			containerPortal = DEF3BB402CC3876A007B2D9A /* Project object */;
			proxyType = 1;
			remoteGlobalIDString = DEF3BB472CC3876A007B2D9A;
			remoteInfo = ObservationViperExample;
		};
/* End PBXContainerItemProxy section */

/* Begin PBXFileReference section */
		DE49773A2D21227800FEC950 /* AuthenticateContract.swift */ = {isa = PBXFileReference; lastKnownFileType = sourcecode.swift; path = AuthenticateContract.swift; sourceTree = "<group>"; };
		DE49773C2D2124FA00FEC950 /* AuthenticateView.swift */ = {isa = PBXFileReference; lastKnownFileType = sourcecode.swift; path = AuthenticateView.swift; sourceTree = "<group>"; };
		DE4977402D21323A00FEC950 /* AppRouter.swift */ = {isa = PBXFileReference; lastKnownFileType = sourcecode.swift; path = AppRouter.swift; sourceTree = "<group>"; };
		DEF3BB482CC3876A007B2D9A /* ObservationViperExample.app */ = {isa = PBXFileReference; explicitFileType = wrapper.application; includeInIndex = 0; path = ObservationViperExample.app; sourceTree = BUILT_PRODUCTS_DIR; };
		DEF3BB582CC3876C007B2D9A /* ObservationViperExampleTests.xctest */ = {isa = PBXFileReference; explicitFileType = wrapper.cfbundle; includeInIndex = 0; path = ObservationViperExampleTests.xctest; sourceTree = BUILT_PRODUCTS_DIR; };
		DEF3BB622CC3876C007B2D9A /* ObservationViperExampleUITests.xctest */ = {isa = PBXFileReference; explicitFileType = wrapper.cfbundle; includeInIndex = 0; path = ObservationViperExampleUITests.xctest; sourceTree = BUILT_PRODUCTS_DIR; };
		DEF3BB8D2CC879D9007B2D9A /* ContentView.swift */ = {isa = PBXFileReference; lastKnownFileType = sourcecode.swift; path = ContentView.swift; sourceTree = "<group>"; };
		DEF3BB902CC879D9007B2D9A /* Preview Assets.xcassets */ = {isa = PBXFileReference; lastKnownFileType = folder.assetcatalog; path = "Preview Assets.xcassets"; sourceTree = "<group>"; };
		DEF3BB922CC879D9007B2D9A /* AppDelegate.swift */ = {isa = PBXFileReference; lastKnownFileType = sourcecode.swift; path = AppDelegate.swift; sourceTree = "<group>"; };
		DEF3BB932CC879D9007B2D9A /* Assets.xcassets */ = {isa = PBXFileReference; lastKnownFileType = folder.assetcatalog; path = Assets.xcassets; sourceTree = "<group>"; };
		DEF3BB942CC879D9007B2D9A /* ObservationViperExampleApp.swift */ = {isa = PBXFileReference; lastKnownFileType = sourcecode.swift; path = ObservationViperExampleApp.swift; sourceTree = "<group>"; };
		DEF3BB9B2CC87A17007B2D9A /* UIColorExtension.swift */ = {isa = PBXFileReference; lastKnownFileType = sourcecode.swift; path = UIColorExtension.swift; sourceTree = "<group>"; };
		DEF3BB9F2CCA9687007B2D9A /* FirstAppearExtension.swift */ = {isa = PBXFileReference; lastKnownFileType = sourcecode.swift; path = FirstAppearExtension.swift; sourceTree = "<group>"; };
		DEF3BBA12CCBA2E3007B2D9A /* SwiftUIColorExtension.swift */ = {isa = PBXFileReference; lastKnownFileType = sourcecode.swift; path = SwiftUIColorExtension.swift; sourceTree = "<group>"; };
		DEF3BBA32CCBA9D4007B2D9A /* StringExtension.swift */ = {isa = PBXFileReference; lastKnownFileType = sourcecode.swift; path = StringExtension.swift; sourceTree = "<group>"; };
		DEF3BBA72CCCE7F8007B2D9A /* UIViewControllerExtension.swift */ = {isa = PBXFileReference; lastKnownFileType = sourcecode.swift; path = UIViewControllerExtension.swift; sourceTree = "<group>"; };
		DEF3BBAA2CCE5CF3007B2D9A /* ObservationViperExampleTests.swift */ = {isa = PBXFileReference; lastKnownFileType = sourcecode.swift; path = ObservationViperExampleTests.swift; sourceTree = "<group>"; };
		DEF3BBAD2CCE5CF9007B2D9A /* ObservationViperExampleUITests.swift */ = {isa = PBXFileReference; lastKnownFileType = sourcecode.swift; path = ObservationViperExampleUITests.swift; sourceTree = "<group>"; };
		DEF3BBAE2CCE5CF9007B2D9A /* ObservationViperExampleUITestsLaunchTests.swift */ = {isa = PBXFileReference; lastKnownFileType = sourcecode.swift; path = ObservationViperExampleUITestsLaunchTests.swift; sourceTree = "<group>"; };
		DEF3BBB22CCFB074007B2D9A /* ConnectionErrorView.swift */ = {isa = PBXFileReference; lastKnownFileType = sourcecode.swift; path = ConnectionErrorView.swift; sourceTree = "<group>"; };
		DEF3BBB62CCFB0FE007B2D9A /* APIClientManager.swift */ = {isa = PBXFileReference; lastKnownFileType = sourcecode.swift; path = APIClientManager.swift; sourceTree = "<group>"; };
		DEF3BBCA2CD685D1007B2D9A /* GalleryView.swift */ = {isa = PBXFileReference; lastKnownFileType = sourcecode.swift; path = GalleryView.swift; sourceTree = "<group>"; };
		DEF3BBD52CD8FCD8007B2D9A /* StarRatingView.swift */ = {isa = PBXFileReference; lastKnownFileType = sourcecode.swift; path = StarRatingView.swift; sourceTree = "<group>"; };
		DEF3BBD72CD8FCFA007B2D9A /* RatingViewRepresentable.swift */ = {isa = PBXFileReference; lastKnownFileType = sourcecode.swift; path = RatingViewRepresentable.swift; sourceTree = "<group>"; };
		DEF3BBF02CE2247E007B2D9A /* GalleryUserCommentEntity.swift */ = {isa = PBXFileReference; lastKnownFileType = sourcecode.swift; path = GalleryUserCommentEntity.swift; sourceTree = "<group>"; };
		DEF3BBF22CE2249A007B2D9A /* GalleryFeaturedPhotoEntity.swift */ = {isa = PBXFileReference; lastKnownFileType = sourcecode.swift; path = GalleryFeaturedPhotoEntity.swift; sourceTree = "<group>"; };
		DEF3BBF42CE224B1007B2D9A /* GalleryPhotoEntity.swift */ = {isa = PBXFileReference; lastKnownFileType = sourcecode.swift; path = GalleryPhotoEntity.swift; sourceTree = "<group>"; };
		DEF6E1DB2CF0CD21007FBD4A /* ApplicationUserEntity.swift */ = {isa = PBXFileReference; lastKnownFileType = sourcecode.swift; path = ApplicationUserEntity.swift; sourceTree = "<group>"; };
/* End PBXFileReference section */

/* Begin PBXFrameworksBuildPhase section */
		DEF3BB452CC3876A007B2D9A /* Frameworks */ = {
			isa = PBXFrameworksBuildPhase;
			buildActionMask = 2147483647;
			files = (
				DEF3BBE02CD9414D007B2D9A /* Nuke in Frameworks */,
				DEF3BBDC2CD940DB007B2D9A /* Cosmos in Frameworks */,
				DEF3BBE22CD94155007B2D9A /* MarkdownUI in Frameworks */,
				DEF3BBE42CDBB084007B2D9A /* AsyncAlgorithms in Frameworks */,
			);
			runOnlyForDeploymentPostprocessing = 0;
		};
		DEF3BB552CC3876C007B2D9A /* Frameworks */ = {
			isa = PBXFrameworksBuildPhase;
			buildActionMask = 2147483647;
			files = (
				DEF3BBE62CDBB096007B2D9A /* Testing in Frameworks */,
			);
			runOnlyForDeploymentPostprocessing = 0;
		};
		DEF3BB5F2CC3876C007B2D9A /* Frameworks */ = {
			isa = PBXFrameworksBuildPhase;
			buildActionMask = 2147483647;
			files = (
			);
			runOnlyForDeploymentPostprocessing = 0;
		};
/* End PBXFrameworksBuildPhase section */

/* Begin PBXGroup section */
		DEF3BB3F2CC3876A007B2D9A = {
			isa = PBXGroup;
			children = (
				DEF3BB952CC879D9007B2D9A /* ObservationViperExample */,
				DEF3BBAB2CCE5CF3007B2D9A /* ObservationViperExampleTests */,
				DEF3BBAF2CCE5CF9007B2D9A /* ObservationViperExampleUITests */,
				DEF3BBDA2CD940DB007B2D9A /* Frameworks */,
				DEF3BB492CC3876A007B2D9A /* Products */,
			);
			sourceTree = "<group>";
		};
		DEF3BB492CC3876A007B2D9A /* Products */ = {
			isa = PBXGroup;
			children = (
				DEF3BB482CC3876A007B2D9A /* ObservationViperExample.app */,
				DEF3BB582CC3876C007B2D9A /* ObservationViperExampleTests.xctest */,
				DEF3BB622CC3876C007B2D9A /* ObservationViperExampleUITests.xctest */,
			);
			name = Products;
			sourceTree = "<group>";
		};
		DEF3BB8E2CC879D9007B2D9A /* Application */ = {
			isa = PBXGroup;
			children = (
				DEF3BB8D2CC879D9007B2D9A /* ContentView.swift */,
			);
			path = Application;
			sourceTree = "<group>";
		};
		DEF3BB8F2CC879D9007B2D9A /* Extension */ = {
			isa = PBXGroup;
			children = (
				DEF3BBA12CCBA2E3007B2D9A /* SwiftUIColorExtension.swift */,
				DEF3BB9F2CCA9687007B2D9A /* FirstAppearExtension.swift */,
				DEF3BB9B2CC87A17007B2D9A /* UIColorExtension.swift */,
				DEF3BBA32CCBA9D4007B2D9A /* StringExtension.swift */,
				DEF3BBA72CCCE7F8007B2D9A /* UIViewControllerExtension.swift */,
			);
			path = Extension;
			sourceTree = "<group>";
		};
		DEF3BB912CC879D9007B2D9A /* Preview Content */ = {
			isa = PBXGroup;
			children = (
				DEF3BB902CC879D9007B2D9A /* Preview Assets.xcassets */,
			);
			path = "Preview Content";
			sourceTree = "<group>";
		};
		DEF3BB952CC879D9007B2D9A /* ObservationViperExample */ = {
			isa = PBXGroup;
			children = (
				DEF3BB922CC879D9007B2D9A /* AppDelegate.swift */,
				DEF3BB942CC879D9007B2D9A /* ObservationViperExampleApp.swift */,
				DEF3BB932CC879D9007B2D9A /* Assets.xcassets */,
				DEF3BB8E2CC879D9007B2D9A /* Application */,
				DEF3BB9E2CCA9658007B2D9A /* Common */,
				DEF3BBD02CD8FC65007B2D9A /* Components */,
				DEF3BBCF2CD8F12C007B2D9A /* Entity */,
				DEF3BB8F2CC879D9007B2D9A /* Extension */,
				DEF3BBA92CCCE808007B2D9A /* Client */,
				DEF3BB9D2CCA9640007B2D9A /* Screen */,
				DEF3BB912CC879D9007B2D9A /* Preview Content */,
			);
			path = ObservationViperExample;
			sourceTree = "<group>";
		};
		DEF3BB9D2CCA9640007B2D9A /* Screen */ = {
			isa = PBXGroup;
			children = (
				DEF6E1D42CEE1956007FBD4A /* Authentication */,
				DEF3BBB82CD133E4007B2D9A /* Gallery */,
				DE4977402D21323A00FEC950 /* AppRouter.swift */,
			);
			path = Screen;
			sourceTree = "<group>";
		};
		DEF3BB9E2CCA9658007B2D9A /* Common */ = {
			isa = PBXGroup;
			children = (
				DEF3BBB22CCFB074007B2D9A /* ConnectionErrorView.swift */,
			);
			path = Common;
			sourceTree = "<group>";
		};
		DEF3BBA92CCCE808007B2D9A /* Client */ = {
			isa = PBXGroup;
			children = (
				DEF3BBB62CCFB0FE007B2D9A /* APIClientManager.swift */,
			);
			path = Client;
			sourceTree = "<group>";
		};
		DEF3BBAB2CCE5CF3007B2D9A /* ObservationViperExampleTests */ = {
			isa = PBXGroup;
			children = (
				DEF3BBAA2CCE5CF3007B2D9A /* ObservationViperExampleTests.swift */,
			);
			path = ObservationViperExampleTests;
			sourceTree = "<group>";
		};
		DEF3BBAF2CCE5CF9007B2D9A /* ObservationViperExampleUITests */ = {
			isa = PBXGroup;
			children = (
				DEF3BBAD2CCE5CF9007B2D9A /* ObservationViperExampleUITests.swift */,
				DEF3BBAE2CCE5CF9007B2D9A /* ObservationViperExampleUITestsLaunchTests.swift */,
			);
			path = ObservationViperExampleUITests;
			sourceTree = "<group>";
		};
		DEF3BBB82CD133E4007B2D9A /* Gallery */ = {
			isa = PBXGroup;
			children = (
				DEF3BBCE2CD68669007B2D9A /* Gallery */,
			);
			path = Gallery;
			sourceTree = "<group>";
		};
		DEF3BBCE2CD68669007B2D9A /* Gallery */ = {
			isa = PBXGroup;
			children = (
				DEF3BBCA2CD685D1007B2D9A /* GalleryView.swift */,
			);
			path = Gallery;
			sourceTree = "<group>";
		};
		DEF3BBCF2CD8F12C007B2D9A /* Entity */ = {
			isa = PBXGroup;
			children = (
				DEF6E1DB2CF0CD21007FBD4A /* ApplicationUserEntity.swift */,
				DEF3BBF42CE224B1007B2D9A /* GalleryPhotoEntity.swift */,
				DEF3BBF02CE2247E007B2D9A /* GalleryUserCommentEntity.swift */,
				DEF3BBF22CE2249A007B2D9A /* GalleryFeaturedPhotoEntity.swift */,
			);
			path = Entity;
			sourceTree = "<group>";
		};
		DEF3BBD02CD8FC65007B2D9A /* Components */ = {
			isa = PBXGroup;
			children = (
				DEF3BBD22CD8FC9D007B2D9A /* StarRating */,
				DEF3BBD12CD8FC80007B2D9A /* UIViewRepresentable */,
			);
			path = Components;
			sourceTree = "<group>";
		};
		DEF3BBD12CD8FC80007B2D9A /* UIViewRepresentable */ = {
			isa = PBXGroup;
			children = (
				DEF3BBD72CD8FCFA007B2D9A /* RatingViewRepresentable.swift */,
			);
			path = UIViewRepresentable;
			sourceTree = "<group>";
		};
		DEF3BBD22CD8FC9D007B2D9A /* StarRating */ = {
			isa = PBXGroup;
			children = (
				DEF3BBD52CD8FCD8007B2D9A /* StarRatingView.swift */,
			);
			path = StarRating;
			sourceTree = "<group>";
		};
		DEF3BBDA2CD940DB007B2D9A /* Frameworks */ = {
			isa = PBXGroup;
			children = (
			);
			name = Frameworks;
			sourceTree = "<group>";
		};
		DEF6E1D42CEE1956007FBD4A /* Authentication */ = {
			isa = PBXGroup;
			children = (
				DE49773A2D21227800FEC950 /* AuthenticateContract.swift */,
				DE49773C2D2124FA00FEC950 /* AuthenticateView.swift */,
			);
			path = Authentication;
			sourceTree = "<group>";
		};
/* End PBXGroup section */

/* Begin PBXNativeTarget section */
		DEF3BB472CC3876A007B2D9A /* ObservationViperExample */ = {
			isa = PBXNativeTarget;
			buildConfigurationList = DEF3BB6C2CC3876C007B2D9A /* Build configuration list for PBXNativeTarget "ObservationViperExample" */;
			buildPhases = (
				DEF3BB442CC3876A007B2D9A /* Sources */,
				DEF3BB452CC3876A007B2D9A /* Frameworks */,
				DEF3BB462CC3876A007B2D9A /* Resources */,
			);
			buildRules = (
			);
			dependencies = (
			);
			name = ObservationViperExample;
			packageProductDependencies = (
				DEF3BBDB2CD940DB007B2D9A /* Cosmos */,
				DEF3BBDF2CD9414D007B2D9A /* Nuke */,
				DEF3BBE12CD94155007B2D9A /* MarkdownUI */,
				DEF3BBE32CDBB084007B2D9A /* AsyncAlgorithms */,
			);
			productName = ObservationViperExample;
			productReference = DEF3BB482CC3876A007B2D9A /* ObservationViperExample.app */;
			productType = "com.apple.product-type.application";
		};
		DEF3BB572CC3876C007B2D9A /* ObservationViperExampleTests */ = {
			isa = PBXNativeTarget;
			buildConfigurationList = DEF3BB6F2CC3876C007B2D9A /* Build configuration list for PBXNativeTarget "ObservationViperExampleTests" */;
			buildPhases = (
				DEF3BB542CC3876C007B2D9A /* Sources */,
				DEF3BB552CC3876C007B2D9A /* Frameworks */,
				DEF3BB562CC3876C007B2D9A /* Resources */,
			);
			buildRules = (
			);
			dependencies = (
				DEF3BB5A2CC3876C007B2D9A /* PBXTargetDependency */,
			);
			name = ObservationViperExampleTests;
			packageProductDependencies = (
				DEF3BBE52CDBB096007B2D9A /* Testing */,
			);
			productName = ObservationViperExampleTests;
			productReference = DEF3BB582CC3876C007B2D9A /* ObservationViperExampleTests.xctest */;
			productType = "com.apple.product-type.bundle.unit-test";
		};
		DEF3BB612CC3876C007B2D9A /* ObservationViperExampleUITests */ = {
			isa = PBXNativeTarget;
			buildConfigurationList = DEF3BB722CC3876C007B2D9A /* Build configuration list for PBXNativeTarget "ObservationViperExampleUITests" */;
			buildPhases = (
				DEF3BB5E2CC3876C007B2D9A /* Sources */,
				DEF3BB5F2CC3876C007B2D9A /* Frameworks */,
				DEF3BB602CC3876C007B2D9A /* Resources */,
			);
			buildRules = (
			);
			dependencies = (
				DEF3BB642CC3876C007B2D9A /* PBXTargetDependency */,
			);
			name = ObservationViperExampleUITests;
			packageProductDependencies = (
			);
			productName = ObservationViperExampleUITests;
			productReference = DEF3BB622CC3876C007B2D9A /* ObservationViperExampleUITests.xctest */;
			productType = "com.apple.product-type.bundle.ui-testing";
		};
/* End PBXNativeTarget section */

/* Begin PBXProject section */
		DEF3BB402CC3876A007B2D9A /* Project object */ = {
			isa = PBXProject;
			attributes = {
				BuildIndependentTargetsInParallel = 1;
				LastSwiftUpdateCheck = 1600;
				LastUpgradeCheck = 1600;
				TargetAttributes = {
					DEF3BB472CC3876A007B2D9A = {
						CreatedOnToolsVersion = 16.0;
					};
					DEF3BB572CC3876C007B2D9A = {
						CreatedOnToolsVersion = 16.0;
						TestTargetID = DEF3BB472CC3876A007B2D9A;
					};
					DEF3BB612CC3876C007B2D9A = {
						CreatedOnToolsVersion = 16.0;
						TestTargetID = DEF3BB472CC3876A007B2D9A;
					};
				};
			};
			buildConfigurationList = DEF3BB432CC3876A007B2D9A /* Build configuration list for PBXProject "ObservationViperExample" */;
			developmentRegion = en;
			hasScannedForEncodings = 0;
			knownRegions = (
				en,
				Base,
			);
			mainGroup = DEF3BB3F2CC3876A007B2D9A;
			minimizedProjectReferenceProxies = 1;
			packageReferences = (
				DEF3BBBC2CD28923007B2D9A /* XCRemoteSwiftPackageReference "swift-testing" */,
				DEF3BBBD2CD2894D007B2D9A /* XCRemoteSwiftPackageReference "Nuke" */,
				DEF3BBBF2CD289E4007B2D9A /* XCRemoteSwiftPackageReference "Cosmos" */,
				DEF3BBC02CD28A2E007B2D9A /* XCRemoteSwiftPackageReference "swift-markdown-ui" */,
				DEF3BBD92CD93F66007B2D9A /* XCRemoteSwiftPackageReference "swift-async-algorithms" */,
				DEF6E1DA2CEE19E6007FBD4A /* XCRemoteSwiftPackageReference "KeychainAccess" */,
			);
			preferredProjectObjectVersion = 77;
			productRefGroup = DEF3BB492CC3876A007B2D9A /* Products */;
			projectDirPath = "";
			projectRoot = "";
			targets = (
				DEF3BB472CC3876A007B2D9A /* ObservationViperExample */,
				DEF3BB572CC3876C007B2D9A /* ObservationViperExampleTests */,
				DEF3BB612CC3876C007B2D9A /* ObservationViperExampleUITests */,
			);
		};
/* End PBXProject section */

/* Begin PBXResourcesBuildPhase section */
		DEF3BB462CC3876A007B2D9A /* Resources */ = {
			isa = PBXResourcesBuildPhase;
			buildActionMask = 2147483647;
			files = (
				DEF3BB962CC879D9007B2D9A /* Preview Assets.xcassets in Resources */,
				DEF3BB972CC879D9007B2D9A /* Assets.xcassets in Resources */,
			);
			runOnlyForDeploymentPostprocessing = 0;
		};
		DEF3BB562CC3876C007B2D9A /* Resources */ = {
			isa = PBXResourcesBuildPhase;
			buildActionMask = 2147483647;
			files = (
			);
			runOnlyForDeploymentPostprocessing = 0;
		};
		DEF3BB602CC3876C007B2D9A /* Resources */ = {
			isa = PBXResourcesBuildPhase;
			buildActionMask = 2147483647;
			files = (
			);
			runOnlyForDeploymentPostprocessing = 0;
		};
/* End PBXResourcesBuildPhase section */

/* Begin PBXSourcesBuildPhase section */
		DEF3BB442CC3876A007B2D9A /* Sources */ = {
			isa = PBXSourcesBuildPhase;
			buildActionMask = 2147483647;
			files = (
				DE49773B2D21227800FEC950 /* AuthenticateContract.swift in Sources */,
				DEF3BBA22CCBA2E4007B2D9A /* SwiftUIColorExtension.swift in Sources */,
				DEF3BBA42CCBA9D4007B2D9A /* StringExtension.swift in Sources */,
				DEF3BBB32CCFB074007B2D9A /* ConnectionErrorView.swift in Sources */,
				DEF3BB982CC879D9007B2D9A /* ContentView.swift in Sources */,
				DEF3BBA02CCA968A007B2D9A /* FirstAppearExtension.swift in Sources */,
				DEF3BBB72CCFB0FE007B2D9A /* APIClientManager.swift in Sources */,
				DEF3BBD62CD8FCD8007B2D9A /* StarRatingView.swift in Sources */,
				DE4977412D21323A00FEC950 /* AppRouter.swift in Sources */,
				DE49773D2D2124FA00FEC950 /* AuthenticateView.swift in Sources */,
				DEF6E1DC2CF0CD2C007FBD4A /* ApplicationUserEntity.swift in Sources */,
				DEF3BBA82CCCE7F8007B2D9A /* UIViewControllerExtension.swift in Sources */,
				DEF3BBD82CD8FCFA007B2D9A /* RatingViewRepresentable.swift in Sources */,
				DEF3BBF12CE22487007B2D9A /* GalleryUserCommentEntity.swift in Sources */,
				DEF3BBCB2CD685D1007B2D9A /* GalleryView.swift in Sources */,
				DEF3BB992CC879D9007B2D9A /* AppDelegate.swift in Sources */,
				DEF3BB9A2CC879D9007B2D9A /* ObservationViperExampleApp.swift in Sources */,
				DEF3BBF52CE224BF007B2D9A /* GalleryPhotoEntity.swift in Sources */,
				DEF3BB9C2CC87A22007B2D9A /* UIColorExtension.swift in Sources */,
				DEF3BBF32CE224A2007B2D9A /* GalleryFeaturedPhotoEntity.swift in Sources */,
			);
			runOnlyForDeploymentPostprocessing = 0;
		};
		DEF3BB542CC3876C007B2D9A /* Sources */ = {
			isa = PBXSourcesBuildPhase;
			buildActionMask = 2147483647;
			files = (
				DEF3BBAC2CCE5CF3007B2D9A /* ObservationViperExampleTests.swift in Sources */,
			);
			runOnlyForDeploymentPostprocessing = 0;
		};
		DEF3BB5E2CC3876C007B2D9A /* Sources */ = {
			isa = PBXSourcesBuildPhase;
			buildActionMask = 2147483647;
			files = (
				DEF3BBB02CCE5CF9007B2D9A /* ObservationViperExampleUITests.swift in Sources */,
				DEF3BBB12CCE5CF9007B2D9A /* ObservationViperExampleUITestsLaunchTests.swift in Sources */,
			);
			runOnlyForDeploymentPostprocessing = 0;
		};
/* End PBXSourcesBuildPhase section */

/* Begin PBXTargetDependency section */
		DEF3BB5A2CC3876C007B2D9A /* PBXTargetDependency */ = {
			isa = PBXTargetDependency;
			target = DEF3BB472CC3876A007B2D9A /* ObservationViperExample */;
			targetProxy = DEF3BB592CC3876C007B2D9A /* PBXContainerItemProxy */;
		};
		DEF3BB642CC3876C007B2D9A /* PBXTargetDependency */ = {
			isa = PBXTargetDependency;
			target = DEF3BB472CC3876A007B2D9A /* ObservationViperExample */;
			targetProxy = DEF3BB632CC3876C007B2D9A /* PBXContainerItemProxy */;
		};
/* End PBXTargetDependency section */

/* Begin XCBuildConfiguration section */
		DEF3BB6A2CC3876C007B2D9A /* Debug */ = {
			isa = XCBuildConfiguration;
			buildSettings = {
				ALWAYS_SEARCH_USER_PATHS = NO;
				ASSETCATALOG_COMPILER_GENERATE_SWIFT_ASSET_SYMBOL_EXTENSIONS = YES;
				CLANG_ANALYZER_NONNULL = YES;
				CLANG_ANALYZER_NUMBER_OBJECT_CONVERSION = YES_AGGRESSIVE;
				CLANG_CXX_LANGUAGE_STANDARD = "gnu++20";
				CLANG_ENABLE_MODULES = YES;
				CLANG_ENABLE_OBJC_ARC = YES;
				CLANG_ENABLE_OBJC_WEAK = YES;
				CLANG_WARN_BLOCK_CAPTURE_AUTORELEASING = YES;
				CLANG_WARN_BOOL_CONVERSION = YES;
				CLANG_WARN_COMMA = YES;
				CLANG_WARN_CONSTANT_CONVERSION = YES;
				CLANG_WARN_DEPRECATED_OBJC_IMPLEMENTATIONS = YES;
				CLANG_WARN_DIRECT_OBJC_ISA_USAGE = YES_ERROR;
				CLANG_WARN_DOCUMENTATION_COMMENTS = YES;
				CLANG_WARN_EMPTY_BODY = YES;
				CLANG_WARN_ENUM_CONVERSION = YES;
				CLANG_WARN_INFINITE_RECURSION = YES;
				CLANG_WARN_INT_CONVERSION = YES;
				CLANG_WARN_NON_LITERAL_NULL_CONVERSION = YES;
				CLANG_WARN_OBJC_IMPLICIT_RETAIN_SELF = YES;
				CLANG_WARN_OBJC_LITERAL_CONVERSION = YES;
				CLANG_WARN_OBJC_ROOT_CLASS = YES_ERROR;
				CLANG_WARN_QUOTED_INCLUDE_IN_FRAMEWORK_HEADER = YES;
				CLANG_WARN_RANGE_LOOP_ANALYSIS = YES;
				CLANG_WARN_STRICT_PROTOTYPES = YES;
				CLANG_WARN_SUSPICIOUS_MOVE = YES;
				CLANG_WARN_UNGUARDED_AVAILABILITY = YES_AGGRESSIVE;
				CLANG_WARN_UNREACHABLE_CODE = YES;
				CLANG_WARN__DUPLICATE_METHOD_MATCH = YES;
				COPY_PHASE_STRIP = NO;
				DEBUG_INFORMATION_FORMAT = dwarf;
				ENABLE_STRICT_OBJC_MSGSEND = YES;
				ENABLE_TESTABILITY = YES;
				ENABLE_USER_SCRIPT_SANDBOXING = YES;
				GCC_C_LANGUAGE_STANDARD = gnu17;
				GCC_DYNAMIC_NO_PIC = NO;
				GCC_NO_COMMON_BLOCKS = YES;
				GCC_OPTIMIZATION_LEVEL = 0;
				GCC_PREPROCESSOR_DEFINITIONS = (
					"DEBUG=1",
					"$(inherited)",
				);
				GCC_WARN_64_TO_32_BIT_CONVERSION = YES;
				GCC_WARN_ABOUT_RETURN_TYPE = YES_ERROR;
				GCC_WARN_UNDECLARED_SELECTOR = YES;
				GCC_WARN_UNINITIALIZED_AUTOS = YES_AGGRESSIVE;
				GCC_WARN_UNUSED_FUNCTION = YES;
				GCC_WARN_UNUSED_VARIABLE = YES;
				IPHONEOS_DEPLOYMENT_TARGET = 18.0;
				LOCALIZATION_PREFERS_STRING_CATALOGS = YES;
				MTL_ENABLE_DEBUG_INFO = INCLUDE_SOURCE;
				MTL_FAST_MATH = YES;
				ONLY_ACTIVE_ARCH = YES;
				SDKROOT = iphoneos;
				SWIFT_ACTIVE_COMPILATION_CONDITIONS = "DEBUG $(inherited)";
				SWIFT_OPTIMIZATION_LEVEL = "-Onone";
			};
			name = Debug;
		};
		DEF3BB6B2CC3876C007B2D9A /* Release */ = {
			isa = XCBuildConfiguration;
			buildSettings = {
				ALWAYS_SEARCH_USER_PATHS = NO;
				ASSETCATALOG_COMPILER_GENERATE_SWIFT_ASSET_SYMBOL_EXTENSIONS = YES;
				CLANG_ANALYZER_NONNULL = YES;
				CLANG_ANALYZER_NUMBER_OBJECT_CONVERSION = YES_AGGRESSIVE;
				CLANG_CXX_LANGUAGE_STANDARD = "gnu++20";
				CLANG_ENABLE_MODULES = YES;
				CLANG_ENABLE_OBJC_ARC = YES;
				CLANG_ENABLE_OBJC_WEAK = YES;
				CLANG_WARN_BLOCK_CAPTURE_AUTORELEASING = YES;
				CLANG_WARN_BOOL_CONVERSION = YES;
				CLANG_WARN_COMMA = YES;
				CLANG_WARN_CONSTANT_CONVERSION = YES;
				CLANG_WARN_DEPRECATED_OBJC_IMPLEMENTATIONS = YES;
				CLANG_WARN_DIRECT_OBJC_ISA_USAGE = YES_ERROR;
				CLANG_WARN_DOCUMENTATION_COMMENTS = YES;
				CLANG_WARN_EMPTY_BODY = YES;
				CLANG_WARN_ENUM_CONVERSION = YES;
				CLANG_WARN_INFINITE_RECURSION = YES;
				CLANG_WARN_INT_CONVERSION = YES;
				CLANG_WARN_NON_LITERAL_NULL_CONVERSION = YES;
				CLANG_WARN_OBJC_IMPLICIT_RETAIN_SELF = YES;
				CLANG_WARN_OBJC_LITERAL_CONVERSION = YES;
				CLANG_WARN_OBJC_ROOT_CLASS = YES_ERROR;
				CLANG_WARN_QUOTED_INCLUDE_IN_FRAMEWORK_HEADER = YES;
				CLANG_WARN_RANGE_LOOP_ANALYSIS = YES;
				CLANG_WARN_STRICT_PROTOTYPES = YES;
				CLANG_WARN_SUSPICIOUS_MOVE = YES;
				CLANG_WARN_UNGUARDED_AVAILABILITY = YES_AGGRESSIVE;
				CLANG_WARN_UNREACHABLE_CODE = YES;
				CLANG_WARN__DUPLICATE_METHOD_MATCH = YES;
				COPY_PHASE_STRIP = NO;
				DEBUG_INFORMATION_FORMAT = "dwarf-with-dsym";
				ENABLE_NS_ASSERTIONS = NO;
				ENABLE_STRICT_OBJC_MSGSEND = YES;
				ENABLE_USER_SCRIPT_SANDBOXING = YES;
				GCC_C_LANGUAGE_STANDARD = gnu17;
				GCC_NO_COMMON_BLOCKS = YES;
				GCC_WARN_64_TO_32_BIT_CONVERSION = YES;
				GCC_WARN_ABOUT_RETURN_TYPE = YES_ERROR;
				GCC_WARN_UNDECLARED_SELECTOR = YES;
				GCC_WARN_UNINITIALIZED_AUTOS = YES_AGGRESSIVE;
				GCC_WARN_UNUSED_FUNCTION = YES;
				GCC_WARN_UNUSED_VARIABLE = YES;
				IPHONEOS_DEPLOYMENT_TARGET = 18.0;
				LOCALIZATION_PREFERS_STRING_CATALOGS = YES;
				MTL_ENABLE_DEBUG_INFO = NO;
				MTL_FAST_MATH = YES;
				SDKROOT = iphoneos;
				SWIFT_COMPILATION_MODE = wholemodule;
				VALIDATE_PRODUCT = YES;
			};
			name = Release;
		};
		DEF3BB6D2CC3876C007B2D9A /* Debug */ = {
			isa = XCBuildConfiguration;
			buildSettings = {
				ASSETCATALOG_COMPILER_APPICON_NAME = AppIcon;
				ASSETCATALOG_COMPILER_GLOBAL_ACCENT_COLOR_NAME = AccentColor;
				CODE_SIGN_STYLE = Automatic;
				CURRENT_PROJECT_VERSION = 1;
				DEVELOPMENT_ASSET_PATHS = "\"ObservationViperExample/Preview Content\"";
				DEVELOPMENT_TEAM = S5BF5553KY;
				ENABLE_PREVIEWS = YES;
				GENERATE_INFOPLIST_FILE = YES;
				INFOPLIST_KEY_UIApplicationSceneManifest_Generation = YES;
				INFOPLIST_KEY_UIApplicationSupportsIndirectInputEvents = YES;
				INFOPLIST_KEY_UILaunchScreen_Generation = YES;
				INFOPLIST_KEY_UISupportedInterfaceOrientations = UIInterfaceOrientationPortrait;
				LD_RUNPATH_SEARCH_PATHS = (
					"$(inherited)",
					"@executable_path/Frameworks",
				);
				MARKETING_VERSION = 1.0;
				PRODUCT_BUNDLE_IDENTIFIER = net.just1factory.ObservationViperExample;
				PRODUCT_NAME = "$(TARGET_NAME)";
				SWIFT_EMIT_LOC_STRINGS = YES;
				SWIFT_VERSION = 5.0;
				TARGETED_DEVICE_FAMILY = "1,2";
			};
			name = Debug;
		};
		DEF3BB6E2CC3876C007B2D9A /* Release */ = {
			isa = XCBuildConfiguration;
			buildSettings = {
				ASSETCATALOG_COMPILER_APPICON_NAME = AppIcon;
				ASSETCATALOG_COMPILER_GLOBAL_ACCENT_COLOR_NAME = AccentColor;
				CODE_SIGN_STYLE = Automatic;
				CURRENT_PROJECT_VERSION = 1;
				DEVELOPMENT_ASSET_PATHS = "\"ObservationViperExample/Preview Content\"";
				DEVELOPMENT_TEAM = S5BF5553KY;
				ENABLE_PREVIEWS = YES;
				GENERATE_INFOPLIST_FILE = YES;
				INFOPLIST_KEY_UIApplicationSceneManifest_Generation = YES;
				INFOPLIST_KEY_UIApplicationSupportsIndirectInputEvents = YES;
				INFOPLIST_KEY_UILaunchScreen_Generation = YES;
				INFOPLIST_KEY_UISupportedInterfaceOrientations = UIInterfaceOrientationPortrait;
				LD_RUNPATH_SEARCH_PATHS = (
					"$(inherited)",
					"@executable_path/Frameworks",
				);
				MARKETING_VERSION = 1.0;
				PRODUCT_BUNDLE_IDENTIFIER = net.just1factory.ObservationViperExample;
				PRODUCT_NAME = "$(TARGET_NAME)";
				SWIFT_EMIT_LOC_STRINGS = YES;
				SWIFT_VERSION = 5.0;
				TARGETED_DEVICE_FAMILY = "1,2";
			};
			name = Release;
		};
		DEF3BB702CC3876C007B2D9A /* Debug */ = {
			isa = XCBuildConfiguration;
			buildSettings = {
				BUNDLE_LOADER = "$(TEST_HOST)";
				CODE_SIGN_STYLE = Automatic;
				CURRENT_PROJECT_VERSION = 1;
				DEVELOPMENT_TEAM = S5BF5553KY;
				GENERATE_INFOPLIST_FILE = YES;
				IPHONEOS_DEPLOYMENT_TARGET = 18.0;
				MARKETING_VERSION = 1.0;
				PRODUCT_BUNDLE_IDENTIFIER = net.just1factory.ObservationViperExampleTests;
				PRODUCT_NAME = "$(TARGET_NAME)";
				SWIFT_EMIT_LOC_STRINGS = NO;
				SWIFT_VERSION = 5.0;
				TARGETED_DEVICE_FAMILY = "1,2";
				TEST_HOST = "$(BUILT_PRODUCTS_DIR)/ObservationViperExample.app/$(BUNDLE_EXECUTABLE_FOLDER_PATH)/ObservationViperExample";
			};
			name = Debug;
		};
		DEF3BB712CC3876C007B2D9A /* Release */ = {
			isa = XCBuildConfiguration;
			buildSettings = {
				BUNDLE_LOADER = "$(TEST_HOST)";
				CODE_SIGN_STYLE = Automatic;
				CURRENT_PROJECT_VERSION = 1;
				DEVELOPMENT_TEAM = S5BF5553KY;
				GENERATE_INFOPLIST_FILE = YES;
				IPHONEOS_DEPLOYMENT_TARGET = 18.0;
				MARKETING_VERSION = 1.0;
				PRODUCT_BUNDLE_IDENTIFIER = net.just1factory.ObservationViperExampleTests;
				PRODUCT_NAME = "$(TARGET_NAME)";
				SWIFT_EMIT_LOC_STRINGS = NO;
				SWIFT_VERSION = 5.0;
				TARGETED_DEVICE_FAMILY = "1,2";
				TEST_HOST = "$(BUILT_PRODUCTS_DIR)/ObservationViperExample.app/$(BUNDLE_EXECUTABLE_FOLDER_PATH)/ObservationViperExample";
			};
			name = Release;
		};
		DEF3BB732CC3876C007B2D9A /* Debug */ = {
			isa = XCBuildConfiguration;
			buildSettings = {
				CODE_SIGN_STYLE = Automatic;
				CURRENT_PROJECT_VERSION = 1;
				DEVELOPMENT_TEAM = S5BF5553KY;
				GENERATE_INFOPLIST_FILE = YES;
				MARKETING_VERSION = 1.0;
				PRODUCT_BUNDLE_IDENTIFIER = net.just1factory.ObservationViperExampleUITests;
				PRODUCT_NAME = "$(TARGET_NAME)";
				SWIFT_EMIT_LOC_STRINGS = NO;
				SWIFT_VERSION = 5.0;
				TARGETED_DEVICE_FAMILY = "1,2";
				TEST_TARGET_NAME = ObservationViperExample;
			};
			name = Debug;
		};
		DEF3BB742CC3876C007B2D9A /* Release */ = {
			isa = XCBuildConfiguration;
			buildSettings = {
				CODE_SIGN_STYLE = Automatic;
				CURRENT_PROJECT_VERSION = 1;
				DEVELOPMENT_TEAM = S5BF5553KY;
				GENERATE_INFOPLIST_FILE = YES;
				MARKETING_VERSION = 1.0;
				PRODUCT_BUNDLE_IDENTIFIER = net.just1factory.ObservationViperExampleUITests;
				PRODUCT_NAME = "$(TARGET_NAME)";
				SWIFT_EMIT_LOC_STRINGS = NO;
				SWIFT_VERSION = 5.0;
				TARGETED_DEVICE_FAMILY = "1,2";
				TEST_TARGET_NAME = ObservationViperExample;
			};
			name = Release;
		};
/* End XCBuildConfiguration section */

/* Begin XCConfigurationList section */
		DEF3BB432CC3876A007B2D9A /* Build configuration list for PBXProject "ObservationViperExample" */ = {
			isa = XCConfigurationList;
			buildConfigurations = (
				DEF3BB6A2CC3876C007B2D9A /* Debug */,
				DEF3BB6B2CC3876C007B2D9A /* Release */,
			);
			defaultConfigurationIsVisible = 0;
			defaultConfigurationName = Release;
		};
		DEF3BB6C2CC3876C007B2D9A /* Build configuration list for PBXNativeTarget "ObservationViperExample" */ = {
			isa = XCConfigurationList;
			buildConfigurations = (
				DEF3BB6D2CC3876C007B2D9A /* Debug */,
				DEF3BB6E2CC3876C007B2D9A /* Release */,
			);
			defaultConfigurationIsVisible = 0;
			defaultConfigurationName = Release;
		};
		DEF3BB6F2CC3876C007B2D9A /* Build configuration list for PBXNativeTarget "ObservationViperExampleTests" */ = {
			isa = XCConfigurationList;
			buildConfigurations = (
				DEF3BB702CC3876C007B2D9A /* Debug */,
				DEF3BB712CC3876C007B2D9A /* Release */,
			);
			defaultConfigurationIsVisible = 0;
			defaultConfigurationName = Release;
		};
		DEF3BB722CC3876C007B2D9A /* Build configuration list for PBXNativeTarget "ObservationViperExampleUITests" */ = {
			isa = XCConfigurationList;
			buildConfigurations = (
				DEF3BB732CC3876C007B2D9A /* Debug */,
				DEF3BB742CC3876C007B2D9A /* Release */,
			);
			defaultConfigurationIsVisible = 0;
			defaultConfigurationName = Release;
		};
/* End XCConfigurationList section */

/* Begin XCRemoteSwiftPackageReference section */
		DEF3BBBC2CD28923007B2D9A /* XCRemoteSwiftPackageReference "swift-testing" */ = {
			isa = XCRemoteSwiftPackageReference;
			repositoryURL = "https://github.com/apple/swift-testing.git";
			requirement = {
				kind = upToNextMajorVersion;
				minimumVersion = 6.0.2;
			};
		};
		DEF3BBBD2CD2894D007B2D9A /* XCRemoteSwiftPackageReference "Nuke" */ = {
			isa = XCRemoteSwiftPackageReference;
			repositoryURL = "https://github.com/kean/Nuke.git";
			requirement = {
				kind = upToNextMajorVersion;
				minimumVersion = 12.8.0;
			};
		};
		DEF3BBBF2CD289E4007B2D9A /* XCRemoteSwiftPackageReference "Cosmos" */ = {
			isa = XCRemoteSwiftPackageReference;
			repositoryURL = "https://github.com/evgenyneu/Cosmos.git";
			requirement = {
				kind = upToNextMajorVersion;
				minimumVersion = 25.0.1;
			};
		};
		DEF3BBC02CD28A2E007B2D9A /* XCRemoteSwiftPackageReference "swift-markdown-ui" */ = {
			isa = XCRemoteSwiftPackageReference;
			repositoryURL = "https://github.com/gonzalezreal/swift-markdown-ui";
			requirement = {
				kind = upToNextMajorVersion;
				minimumVersion = 2.4.1;
			};
		};
		DEF3BBD92CD93F66007B2D9A /* XCRemoteSwiftPackageReference "swift-async-algorithms" */ = {
			isa = XCRemoteSwiftPackageReference;
			repositoryURL = "https://github.com/apple/swift-async-algorithms.git";
			requirement = {
				kind = upToNextMajorVersion;
				minimumVersion = 1.0.2;
			};
		};
		DEF6E1DA2CEE19E6007FBD4A /* XCRemoteSwiftPackageReference "KeychainAccess" */ = {
			isa = XCRemoteSwiftPackageReference;
			repositoryURL = "https://github.com/kishikawakatsumi/KeychainAccess.git";
			requirement = {
				branch = master;
				kind = branch;
			};
		};
/* End XCRemoteSwiftPackageReference section */

/* Begin XCSwiftPackageProductDependency section */
		DEF3BBDB2CD940DB007B2D9A /* Cosmos */ = {
			isa = XCSwiftPackageProductDependency;
			package = DEF3BBBF2CD289E4007B2D9A /* XCRemoteSwiftPackageReference "Cosmos" */;
			productName = Cosmos;
		};
		DEF3BBDF2CD9414D007B2D9A /* Nuke */ = {
			isa = XCSwiftPackageProductDependency;
			package = DEF3BBBD2CD2894D007B2D9A /* XCRemoteSwiftPackageReference "Nuke" */;
			productName = Nuke;
		};
		DEF3BBE12CD94155007B2D9A /* MarkdownUI */ = {
			isa = XCSwiftPackageProductDependency;
			package = DEF3BBC02CD28A2E007B2D9A /* XCRemoteSwiftPackageReference "swift-markdown-ui" */;
			productName = MarkdownUI;
		};
		DEF3BBE32CDBB084007B2D9A /* AsyncAlgorithms */ = {
			isa = XCSwiftPackageProductDependency;
			package = DEF3BBD92CD93F66007B2D9A /* XCRemoteSwiftPackageReference "swift-async-algorithms" */;
			productName = AsyncAlgorithms;
		};
		DEF3BBE52CDBB096007B2D9A /* Testing */ = {
			isa = XCSwiftPackageProductDependency;
			package = DEF3BBBC2CD28923007B2D9A /* XCRemoteSwiftPackageReference "swift-testing" */;
			productName = Testing;
		};
/* End XCSwiftPackageProductDependency section */
	};
	rootObject = DEF3BB402CC3876A007B2D9A /* Project object */;
}
